
Microsoft Visual Studio Solution File, Format Version 12.00
# Visual Studio 15
VisualStudioVersion = 15.0.28010.2050
MinimumVisualStudioVersion = 10.0.40219.1
Project("{FAE04EC0-301F-11D3-BF4B-00C04F79EFBC}") = "NetConfCo2018.WebSite", "NetConfCo2018.WebSite\NetConfCo2018.WebSite.csproj", "{55BC5C8A-6FF1-440B-B8C5-BF003894D4C1}"
EndProject
Project("{FAE04EC0-301F-11D3-BF4B-00C04F79EFBC}") = "NetConfCo2018.ServicesAPI", "NetConfCo2018.ServicesAPI\NetConfCo2018.ServicesAPI.csproj", "{E5884851-A2CA-47F3-A3FB-C5CE54A39F01}"
EndProject
Global
	GlobalSection(SolutionConfigurationPlatforms) = preSolution
		Debug|Any CPU = Debug|Any CPU
		Release|Any CPU = Release|Any CPU
	EndGlobalSection
	GlobalSection(ProjectConfigurationPlatforms) = postSolution
		{55BC5C8A-6FF1-440B-B8C5-BF003894D4C1}.Debug|Any CPU.ActiveCfg = Debug|Any CPU
		{55BC5C8A-6FF1-440B-B8C5-BF003894D4C1}.Debug|Any CPU.Build.0 = Debug|Any CPU
		{55BC5C8A-6FF1-440B-B8C5-BF003894D4C1}.Release|Any CPU.ActiveCfg = Release|Any CPU
		{55BC5C8A-6FF1-440B-B8C5-BF003894D4C1}.Release|Any CPU.Build.0 = Release|Any CPU
		{E5884851-A2CA-47F3-A3FB-C5CE54A39F01}.Debug|Any CPU.ActiveCfg = Debug|Any CPU
		{E5884851-A2CA-47F3-A3FB-C5CE54A39F01}.Debug|Any CPU.Build.0 = Debug|Any CPU
		{E5884851-A2CA-47F3-A3FB-C5CE54A39F01}.Release|Any CPU.ActiveCfg = Release|Any CPU
		{E5884851-A2CA-47F3-A3FB-C5CE54A39F01}.Release|Any CPU.Build.0 = Release|Any CPU
	EndGlobalSection
	GlobalSection(SolutionProperties) = preSolution
		HideSolutionNode = FALSE
	EndGlobalSection
	GlobalSection(ExtensibilityGlobals) = postSolution
		SolutionGuid = {CCB96F52-A845-4436-A63B-19BAE05DA9BE}
	EndGlobalSection
EndGlobal
